Microsoft Visual Studio Solution File, Format Version 12.00
# Visual Studio 2012
Project("{FAE04EC0-301F-11D3-BF4B-00C04F79EFBC}") = "Astronoma", "Astronoma.csproj", "{BFBE2171-2C84-4CAD-A1EE-C1ABD6843F06}"
EndProject
Global
	GlobalSection(SolutionConfigurationPlatforms) = preSolution
	Debug|Any CPU = Debug|Any CPU
	ExportDebug|Any CPU = ExportDebug|Any CPU
	ExportRelease|Any CPU = ExportRelease|Any CPU
	EndGlobalSection
	GlobalSection(ProjectConfigurationPlatforms) = postSolution
		{BFBE2171-2C84-4CAD-A1EE-C1ABD6843F06}.Debug|Any CPU.ActiveCfg = Debug|Any CPU
		{BFBE2171-2C84-4CAD-A1EE-C1ABD6843F06}.Debug|Any CPU.Build.0 = Debug|Any CPU
		{BFBE2171-2C84-4CAD-A1EE-C1ABD6843F06}.ExportDebug|Any CPU.ActiveCfg = ExportDebug|Any CPU
		{BFBE2171-2C84-4CAD-A1EE-C1ABD6843F06}.ExportDebug|Any CPU.Build.0 = ExportDebug|Any CPU
		{BFBE2171-2C84-4CAD-A1EE-C1ABD6843F06}.ExportRelease|Any CPU.ActiveCfg = ExportRelease|Any CPU
		{BFBE2171-2C84-4CAD-A1EE-C1ABD6843F06}.ExportRelease|Any CPU.Build.0 = ExportRelease|Any CPU
	EndGlobalSection
EndGlobal
