Microsoft Visual Studio Solution File, Format Version 12.00
# Visual Studio 2012
Project("{FAE04EC0-301F-11D3-BF4B-00C04F79EFBC}") = "Astronoma", "Astronoma.csproj", "{322CE9D2-0418-4F47-A3EE-DC97E908D92D}"
EndProject
Global
	GlobalSection(SolutionConfigurationPlatforms) = preSolution
	Debug|Any CPU = Debug|Any CPU
	ExportDebug|Any CPU = ExportDebug|Any CPU
	ExportRelease|Any CPU = ExportRelease|Any CPU
	EndGlobalSection
	GlobalSection(ProjectConfigurationPlatforms) = postSolution
		{322CE9D2-0418-4F47-A3EE-DC97E908D92D}.Debug|Any CPU.ActiveCfg = Debug|Any CPU
		{322CE9D2-0418-4F47-A3EE-DC97E908D92D}.Debug|Any CPU.Build.0 = Debug|Any CPU
		{322CE9D2-0418-4F47-A3EE-DC97E908D92D}.ExportDebug|Any CPU.ActiveCfg = ExportDebug|Any CPU
		{322CE9D2-0418-4F47-A3EE-DC97E908D92D}.ExportDebug|Any CPU.Build.0 = ExportDebug|Any CPU
		{322CE9D2-0418-4F47-A3EE-DC97E908D92D}.ExportRelease|Any CPU.ActiveCfg = ExportRelease|Any CPU
		{322CE9D2-0418-4F47-A3EE-DC97E908D92D}.ExportRelease|Any CPU.Build.0 = ExportRelease|Any CPU
	EndGlobalSection
EndGlobal
